{
  "name": "sales-client",
  "version": "1.0.0",
  "lockfileVersion": 1,
  "requires": true,
  "dependencies": {
    "raven-js": {
      "version": "3.20.1",
      "resolved": "https://registry.npmjs.org/raven-js/-/raven-js-3.20.1.tgz",
      "integrity": "sha512-Wr973Ipmd+dWUPQ6mSru/gyteavriEyP6G3iDZ2jpI3sBAWejtVtoXO5BHujEWB1z+/dqCLn+Zezgdc30xZcVA=="
    }
  }
}
